// !$*UTF8*$!
{
	archiveVersion = 1;
	classes = {
	};
	objectVersion = 50;
	objects = {

/* Begin PBXBuildFile section */
		9333971025875FE500287CA3 /* DetailProductViewController.swift in Sources */ = {isa = PBXBuildFile; fileRef = 9333970E25875FE500287CA3 /* DetailProductViewController.swift */; };
		9333971125875FE500287CA3 /* DetailProductViewController.xib in Resources */ = {isa = PBXBuildFile; fileRef = 9333970F25875FE500287CA3 /* DetailProductViewController.xib */; };
		93339714258764A800287CA3 /* LoadExtensionImageView.swift in Sources */ = {isa = PBXBuildFile; fileRef = 93339713258764A800287CA3 /* LoadExtensionImageView.swift */; };
		9370A3CD258288180098C0D1 /* ProductListViewController.swift in Sources */ = {isa = PBXBuildFile; fileRef = 9370A3CB258288180098C0D1 /* ProductListViewController.swift */; };
		9370A3CE258288180098C0D1 /* ProductListViewController.xib in Resources */ = {isa = PBXBuildFile; fileRef = 9370A3CC258288180098C0D1 /* ProductListViewController.xib */; };
		93B7A53025656F400027D1AA /* AppDelegate.swift in Sources */ = {isa = PBXBuildFile; fileRef = 93B7A52F25656F400027D1AA /* AppDelegate.swift */; };
		93B7A53925656F420027D1AA /* Assets.xcassets in Resources */ = {isa = PBXBuildFile; fileRef = 93B7A53825656F420027D1AA /* Assets.xcassets */; };
		93B7A53C25656F420027D1AA /* LaunchScreen.storyboard in Resources */ = {isa = PBXBuildFile; fileRef = 93B7A53A25656F420027D1AA /* LaunchScreen.storyboard */; };
		93B7A54725656F9E0027D1AA /* MainViewController.swift in Sources */ = {isa = PBXBuildFile; fileRef = 93B7A54525656F9E0027D1AA /* MainViewController.swift */; };
		93B7A54825656F9E0027D1AA /* MainViewController.xib in Resources */ = {isa = PBXBuildFile; fileRef = 93B7A54625656F9E0027D1AA /* MainViewController.xib */; };
		93B7A54C256577980027D1AA /* Store.swift in Sources */ = {isa = PBXBuildFile; fileRef = 93B7A54B256577980027D1AA /* Store.swift */; };
		93B7A550256577A10027D1AA /* Product.swift in Sources */ = {isa = PBXBuildFile; fileRef = 93B7A54F256577A10027D1AA /* Product.swift */; };
		93B7A555256579CA0027D1AA /* StoreWebServices.swift in Sources */ = {isa = PBXBuildFile; fileRef = 93B7A554256579CA0027D1AA /* StoreWebServices.swift */; };
		93B7A55825657B9E0027D1AA /* StoreFactory.swift in Sources */ = {isa = PBXBuildFile; fileRef = 93B7A55725657B9E0027D1AA /* StoreFactory.swift */; };
		93EA65D72586B2B60088F443 /* ProductTableViewCell.swift in Sources */ = {isa = PBXBuildFile; fileRef = 93EA65D52586B2B60088F443 /* ProductTableViewCell.swift */; };
		93EA65D82586B2B60088F443 /* ProductTableViewCell.xib in Resources */ = {isa = PBXBuildFile; fileRef = 93EA65D62586B2B60088F443 /* ProductTableViewCell.xib */; };
/* End PBXBuildFile section */

/* Begin PBXFileReference section */
		9333970E25875FE500287CA3 /* DetailProductViewController.swift */ = {isa = PBXFileReference; lastKnownFileType = sourcecode.swift; path = DetailProductViewController.swift; sourceTree = "<group>"; };
		9333970F25875FE500287CA3 /* DetailProductViewController.xib */ = {isa = PBXFileReference; lastKnownFileType = file.xib; path = DetailProductViewController.xib; sourceTree = "<group>"; };
		93339713258764A800287CA3 /* LoadExtensionImageView.swift */ = {isa = PBXFileReference; lastKnownFileType = sourcecode.swift; path = LoadExtensionImageView.swift; sourceTree = "<group>"; };
		9370A3CB258288180098C0D1 /* ProductListViewController.swift */ = {isa = PBXFileReference; lastKnownFileType = sourcecode.swift; path = ProductListViewController.swift; sourceTree = "<group>"; };
		9370A3CC258288180098C0D1 /* ProductListViewController.xib */ = {isa = PBXFileReference; lastKnownFileType = file.xib; path = ProductListViewController.xib; sourceTree = "<group>"; };
		93B7A52C25656F400027D1AA /* SearchStore.app */ = {isa = PBXFileReference; explicitFileType = wrapper.application; includeInIndex = 0; path = SearchStore.app; sourceTree = BUILT_PRODUCTS_DIR; };
		93B7A52F25656F400027D1AA /* AppDelegate.swift */ = {isa = PBXFileReference; lastKnownFileType = sourcecode.swift; path = AppDelegate.swift; sourceTree = "<group>"; };
		93B7A53825656F420027D1AA /* Assets.xcassets */ = {isa = PBXFileReference; lastKnownFileType = folder.assetcatalog; path = Assets.xcassets; sourceTree = "<group>"; };
		93B7A53B25656F420027D1AA /* Base */ = {isa = PBXFileReference; lastKnownFileType = file.storyboard; name = Base; path = Base.lproj/LaunchScreen.storyboard; sourceTree = "<group>"; };
		93B7A53D25656F420027D1AA /* Info.plist */ = {isa = PBXFileReference; lastKnownFileType = text.plist.xml; path = Info.plist; sourceTree = "<group>"; };
		93B7A54525656F9E0027D1AA /* MainViewController.swift */ = {isa = PBXFileReference; lastKnownFileType = sourcecode.swift; path = MainViewController.swift; sourceTree = "<group>"; };
		93B7A54625656F9E0027D1AA /* MainViewController.xib */ = {isa = PBXFileReference; lastKnownFileType = file.xib; path = MainViewController.xib; sourceTree = "<group>"; };
		93B7A54B256577980027D1AA /* Store.swift */ = {isa = PBXFileReference; lastKnownFileType = sourcecode.swift; path = Store.swift; sourceTree = "<group>"; };
		93B7A54F256577A10027D1AA /* Product.swift */ = {isa = PBXFileReference; lastKnownFileType = sourcecode.swift; path = Product.swift; sourceTree = "<group>"; };
		93B7A554256579CA0027D1AA /* StoreWebServices.swift */ = {isa = PBXFileReference; lastKnownFileType = sourcecode.swift; path = StoreWebServices.swift; sourceTree = "<group>"; };
		93B7A55725657B9E0027D1AA /* StoreFactory.swift */ = {isa = PBXFileReference; lastKnownFileType = sourcecode.swift; path = StoreFactory.swift; sourceTree = "<group>"; };
		93EA65D52586B2B60088F443 /* ProductTableViewCell.swift */ = {isa = PBXFileReference; lastKnownFileType = sourcecode.swift; path = ProductTableViewCell.swift; sourceTree = "<group>"; };
		93EA65D62586B2B60088F443 /* ProductTableViewCell.xib */ = {isa = PBXFileReference; lastKnownFileType = file.xib; path = ProductTableViewCell.xib; sourceTree = "<group>"; };
/* End PBXFileReference section */

/* Begin PBXFrameworksBuildPhase section */
		93B7A52925656F400027D1AA /* Frameworks */ = {
			isa = PBXFrameworksBuildPhase;
			buildActionMask = 2147483647;
			files = (
			);
			runOnlyForDeploymentPostprocessing = 0;
		};
/* End PBXFrameworksBuildPhase section */

/* Begin PBXGroup section */
		9370A3CA258287B70098C0D1 /* List */ = {
			isa = PBXGroup;
			children = (
				9370A3CB258288180098C0D1 /* ProductListViewController.swift */,
				9370A3CC258288180098C0D1 /* ProductListViewController.xib */,
				93EA65D52586B2B60088F443 /* ProductTableViewCell.swift */,
				93EA65D62586B2B60088F443 /* ProductTableViewCell.xib */,
				9333970E25875FE500287CA3 /* DetailProductViewController.swift */,
				9333970F25875FE500287CA3 /* DetailProductViewController.xib */,
			);
			path = List;
			sourceTree = "<group>";
		};
		93B7A52325656F400027D1AA = {
			isa = PBXGroup;
			children = (
				93B7A52E25656F400027D1AA /* SearchStore */,
				93B7A52D25656F400027D1AA /* Products */,
			);
			sourceTree = "<group>";
		};
		93B7A52D25656F400027D1AA /* Products */ = {
			isa = PBXGroup;
			children = (
				93B7A52C25656F400027D1AA /* SearchStore.app */,
			);
			name = Products;
			sourceTree = "<group>";
		};
		93B7A52E25656F400027D1AA /* SearchStore */ = {
			isa = PBXGroup;
			children = (
				9370A3CA258287B70098C0D1 /* List */,
				93B7A553256579B50027D1AA /* Services */,
				93B7A54A256577880027D1AA /* Models */,
				93B7A52F25656F400027D1AA /* AppDelegate.swift */,
				93B7A54525656F9E0027D1AA /* MainViewController.swift */,
				93B7A54625656F9E0027D1AA /* MainViewController.xib */,
				93B7A53825656F420027D1AA /* Assets.xcassets */,
				93B7A53A25656F420027D1AA /* LaunchScreen.storyboard */,
				93B7A53D25656F420027D1AA /* Info.plist */,
			);
			path = SearchStore;
			sourceTree = "<group>";
		};
		93B7A54A256577880027D1AA /* Models */ = {
			isa = PBXGroup;
			children = (
				93B7A54B256577980027D1AA /* Store.swift */,
				93B7A54F256577A10027D1AA /* Product.swift */,
			);
			path = Models;
			sourceTree = "<group>";
		};
		93B7A553256579B50027D1AA /* Services */ = {
			isa = PBXGroup;
			children = (
				93B7A554256579CA0027D1AA /* StoreWebServices.swift */,
				93B7A55725657B9E0027D1AA /* StoreFactory.swift */,
				93339713258764A800287CA3 /* LoadExtensionImageView.swift */,
			);
			path = Services;
			sourceTree = "<group>";
		};
/* End PBXGroup section */

/* Begin PBXNativeTarget section */
		93B7A52B25656F400027D1AA /* SearchStore */ = {
			isa = PBXNativeTarget;
			buildConfigurationList = 93B7A54025656F420027D1AA /* Build configuration list for PBXNativeTarget "SearchStore" */;
			buildPhases = (
				93B7A52825656F400027D1AA /* Sources */,
				93B7A52925656F400027D1AA /* Frameworks */,
				93B7A52A25656F400027D1AA /* Resources */,
			);
			buildRules = (
			);
			dependencies = (
			);
			name = SearchStore;
			productName = SearchStore;
			productReference = 93B7A52C25656F400027D1AA /* SearchStore.app */;
			productType = "com.apple.product-type.application";
		};
/* End PBXNativeTarget section */

/* Begin PBXProject section */
		93B7A52425656F400027D1AA /* Project object */ = {
			isa = PBXProject;
			attributes = {
				LastSwiftUpdateCheck = 1220;
				LastUpgradeCheck = 1220;
				TargetAttributes = {
					93B7A52B25656F400027D1AA = {
						CreatedOnToolsVersion = 12.2;
					};
				};
			};
			buildConfigurationList = 93B7A52725656F400027D1AA /* Build configuration list for PBXProject "SearchStore" */;
			compatibilityVersion = "Xcode 9.3";
			developmentRegion = en;
			hasScannedForEncodings = 0;
			knownRegions = (
				en,
				Base,
			);
			mainGroup = 93B7A52325656F400027D1AA;
			productRefGroup = 93B7A52D25656F400027D1AA /* Products */;
			projectDirPath = "";
			projectRoot = "";
			targets = (
				93B7A52B25656F400027D1AA /* SearchStore */,
			);
		};
/* End PBXProject section */

/* Begin PBXResourcesBuildPhase section */
		93B7A52A25656F400027D1AA /* Resources */ = {
			isa = PBXResourcesBuildPhase;
			buildActionMask = 2147483647;
			files = (
				93B7A53C25656F420027D1AA /* LaunchScreen.storyboard in Resources */,
				93B7A54825656F9E0027D1AA /* MainViewController.xib in Resources */,
				93EA65D82586B2B60088F443 /* ProductTableViewCell.xib in Resources */,
				9333971125875FE500287CA3 /* DetailProductViewController.xib in Resources */,
				9370A3CE258288180098C0D1 /* ProductListViewController.xib in Resources */,
				93B7A53925656F420027D1AA /* Assets.xcassets in Resources */,
			);
			runOnlyForDeploymentPostprocessing = 0;
		};
/* End PBXResourcesBuildPhase section */

/* Begin PBXSourcesBuildPhase section */
		93B7A52825656F400027D1AA /* Sources */ = {
			isa = PBXSourcesBuildPhase;
			buildActionMask = 2147483647;
			files = (
				93339714258764A800287CA3 /* LoadExtensionImageView.swift in Sources */,
				93B7A55825657B9E0027D1AA /* StoreFactory.swift in Sources */,
				93EA65D72586B2B60088F443 /* ProductTableViewCell.swift in Sources */,
				93B7A555256579CA0027D1AA /* StoreWebServices.swift in Sources */,
				9370A3CD258288180098C0D1 /* ProductListViewController.swift in Sources */,
				93B7A53025656F400027D1AA /* AppDelegate.swift in Sources */,
				93B7A550256577A10027D1AA /* Product.swift in Sources */,
				9333971025875FE500287CA3 /* DetailProductViewController.swift in Sources */,
				93B7A54725656F9E0027D1AA /* MainViewController.swift in Sources */,
				93B7A54C256577980027D1AA /* Store.swift in Sources */,
			);
			runOnlyForDeploymentPostprocessing = 0;
		};
/* End PBXSourcesBuildPhase section */

/* Begin PBXVariantGroup section */
		93B7A53A25656F420027D1AA /* LaunchScreen.storyboard */ = {
			isa = PBXVariantGroup;
			children = (
				93B7A53B25656F420027D1AA /* Base */,
			);
			name = LaunchScreen.storyboard;
			sourceTree = "<group>";
		};
/* End PBXVariantGroup section */

/* Begin XCBuildConfiguration section */
		93B7A53E25656F420027D1AA /* Debug */ = {
			isa = XCBuildConfiguration;
			buildSettings = {
				ALWAYS_SEARCH_USER_PATHS = NO;
				CLANG_ANALYZER_NONNULL = YES;
				CLANG_ANALYZER_NUMBER_OBJECT_CONVERSION = YES_AGGRESSIVE;
				CLANG_CXX_LANGUAGE_STANDARD = "gnu++14";
				CLANG_CXX_LIBRARY = "libc++";
				CLANG_ENABLE_MODULES = YES;
				CLANG_ENABLE_OBJC_ARC = YES;
				CLANG_ENABLE_OBJC_WEAK = YES;
				CLANG_WARN_BLOCK_CAPTURE_AUTORELEASING = YES;
				CLANG_WARN_BOOL_CONVERSION = YES;
				CLANG_WARN_COMMA = YES;
				CLANG_WARN_CONSTANT_CONVERSION = YES;
				CLANG_WARN_DEPRECATED_OBJC_IMPLEMENTATIONS = YES;
				CLANG_WARN_DIRECT_OBJC_ISA_USAGE = YES_ERROR;
				CLANG_WARN_DOCUMENTATION_COMMENTS = YES;
				CLANG_WARN_EMPTY_BODY = YES;
				CLANG_WARN_ENUM_CONVERSION = YES;
				CLANG_WARN_INFINITE_RECURSION = YES;
				CLANG_WARN_INT_CONVERSION = YES;
				CLANG_WARN_NON_LITERAL_NULL_CONVERSION = YES;
				CLANG_WARN_OBJC_IMPLICIT_RETAIN_SELF = YES;
				CLANG_WARN_OBJC_LITERAL_CONVERSION = YES;
				CLANG_WARN_OBJC_ROOT_CLASS = YES_ERROR;
				CLANG_WARN_QUOTED_INCLUDE_IN_FRAMEWORK_HEADER = YES;
				CLANG_WARN_RANGE_LOOP_ANALYSIS = YES;
				CLANG_WARN_STRICT_PROTOTYPES = YES;
				CLANG_WARN_SUSPICIOUS_MOVE = YES;
				CLANG_WARN_UNGUARDED_AVAILABILITY = YES_AGGRESSIVE;
				CLANG_WARN_UNREACHABLE_CODE = YES;
				CLANG_WARN__DUPLICATE_METHOD_MATCH = YES;
				COPY_PHASE_STRIP = NO;
				DEBUG_INFORMATION_FORMAT = dwarf;
				ENABLE_STRICT_OBJC_MSGSEND = YES;
				ENABLE_TESTABILITY = YES;
				GCC_C_LANGUAGE_STANDARD = gnu11;
				GCC_DYNAMIC_NO_PIC = NO;
				GCC_NO_COMMON_BLOCKS = YES;
				GCC_OPTIMIZATION_LEVEL = 0;
				GCC_PREPROCESSOR_DEFINITIONS = (
					"DEBUG=1",
					"$(inherited)",
				);
				GCC_WARN_64_TO_32_BIT_CONVERSION = YES;
				GCC_WARN_ABOUT_RETURN_TYPE = YES_ERROR;
				GCC_WARN_UNDECLARED_SELECTOR = YES;
				GCC_WARN_UNINITIALIZED_AUTOS = YES_AGGRESSIVE;
				GCC_WARN_UNUSED_FUNCTION = YES;
				GCC_WARN_UNUSED_VARIABLE = YES;
				IPHONEOS_DEPLOYMENT_TARGET = 14.2;
				MTL_ENABLE_DEBUG_INFO = INCLUDE_SOURCE;
				MTL_FAST_MATH = YES;
				ONLY_ACTIVE_ARCH = YES;
				SDKROOT = iphoneos;
				SWIFT_ACTIVE_COMPILATION_CONDITIONS = DEBUG;
				SWIFT_OPTIMIZATION_LEVEL = "-Onone";
			};
			name = Debug;
		};
		93B7A53F25656F420027D1AA /* Release */ = {
			isa = XCBuildConfiguration;
			buildSettings = {
				ALWAYS_SEARCH_USER_PATHS = NO;
				CLANG_ANALYZER_NONNULL = YES;
				CLANG_ANALYZER_NUMBER_OBJECT_CONVERSION = YES_AGGRESSIVE;
				CLANG_CXX_LANGUAGE_STANDARD = "gnu++14";
				CLANG_CXX_LIBRARY = "libc++";
				CLANG_ENABLE_MODULES = YES;
				CLANG_ENABLE_OBJC_ARC = YES;
				CLANG_ENABLE_OBJC_WEAK = YES;
				CLANG_WARN_BLOCK_CAPTURE_AUTORELEASING = YES;
				CLANG_WARN_BOOL_CONVERSION = YES;
				CLANG_WARN_COMMA = YES;
				CLANG_WARN_CONSTANT_CONVERSION = YES;
				CLANG_WARN_DEPRECATED_OBJC_IMPLEMENTATIONS = YES;
				CLANG_WARN_DIRECT_OBJC_ISA_USAGE = YES_ERROR;
				CLANG_WARN_DOCUMENTATION_COMMENTS = YES;
				CLANG_WARN_EMPTY_BODY = YES;
				CLANG_WARN_ENUM_CONVERSION = YES;
				CLANG_WARN_INFINITE_RECURSION = YES;
				CLANG_WARN_INT_CONVERSION = YES;
				CLANG_WARN_NON_LITERAL_NULL_CONVERSION = YES;
				CLANG_WARN_OBJC_IMPLICIT_RETAIN_SELF = YES;
				CLANG_WARN_OBJC_LITERAL_CONVERSION = YES;
				CLANG_WARN_OBJC_ROOT_CLASS = YES_ERROR;
				CLANG_WARN_QUOTED_INCLUDE_IN_FRAMEWORK_HEADER = YES;
				CLANG_WARN_RANGE_LOOP_ANALYSIS = YES;
				CLANG_WARN_STRICT_PROTOTYPES = YES;
				CLANG_WARN_SUSPICIOUS_MOVE = YES;
				CLANG_WARN_UNGUARDED_AVAILABILITY = YES_AGGRESSIVE;
				CLANG_WARN_UNREACHABLE_CODE = YES;
				CLANG_WARN__DUPLICATE_METHOD_MATCH = YES;
				COPY_PHASE_STRIP = NO;
				DEBUG_INFORMATION_FORMAT = "dwarf-with-dsym";
				ENABLE_NS_ASSERTIONS = NO;
				ENABLE_STRICT_OBJC_MSGSEND = YES;
				GCC_C_LANGUAGE_STANDARD = gnu11;
				GCC_NO_COMMON_BLOCKS = YES;
				GCC_WARN_64_TO_32_BIT_CONVERSION = YES;
				GCC_WARN_ABOUT_RETURN_TYPE = YES_ERROR;
				GCC_WARN_UNDECLARED_SELECTOR = YES;
				GCC_WARN_UNINITIALIZED_AUTOS = YES_AGGRESSIVE;
				GCC_WARN_UNUSED_FUNCTION = YES;
				GCC_WARN_UNUSED_VARIABLE = YES;
				IPHONEOS_DEPLOYMENT_TARGET = 14.2;
				MTL_ENABLE_DEBUG_INFO = NO;
				MTL_FAST_MATH = YES;
				SDKROOT = iphoneos;
				SWIFT_COMPILATION_MODE = wholemodule;
				SWIFT_OPTIMIZATION_LEVEL = "-O";
				VALIDATE_PRODUCT = YES;
			};
			name = Release;
		};
		93B7A54125656F420027D1AA /* Debug */ = {
			isa = XCBuildConfiguration;
			buildSettings = {
				ASSETCATALOG_COMPILER_APPICON_NAME = AppIcon;
				ASSETCATALOG_COMPILER_GLOBAL_ACCENT_COLOR_NAME = AccentColor;
				CODE_SIGN_STYLE = Automatic;
				INFOPLIST_FILE = SearchStore/Info.plist;
				LD_RUNPATH_SEARCH_PATHS = (
					"$(inherited)",
					"@executable_path/Frameworks",
				);
				PRODUCT_BUNDLE_IDENTIFIER = thibma.SearchStore;
				PRODUCT_NAME = "$(TARGET_NAME)";
				SWIFT_VERSION = 5.0;
				TARGETED_DEVICE_FAMILY = "1,2";
			};
			name = Debug;
		};
		93B7A54225656F420027D1AA /* Release */ = {
			isa = XCBuildConfiguration;
			buildSettings = {
				ASSETCATALOG_COMPILER_APPICON_NAME = AppIcon;
				ASSETCATALOG_COMPILER_GLOBAL_ACCENT_COLOR_NAME = AccentColor;
				CODE_SIGN_STYLE = Automatic;
				INFOPLIST_FILE = SearchStore/Info.plist;
				LD_RUNPATH_SEARCH_PATHS = (
					"$(inherited)",
					"@executable_path/Frameworks",
				);
				PRODUCT_BUNDLE_IDENTIFIER = thibma.SearchStore;
				PRODUCT_NAME = "$(TARGET_NAME)";
				SWIFT_VERSION = 5.0;
				TARGETED_DEVICE_FAMILY = "1,2";
			};
			name = Release;
		};
/* End XCBuildConfiguration section */

/* Begin XCConfigurationList section */
		93B7A52725656F400027D1AA /* Build configuration list for PBXProject "SearchStore" */ = {
			isa = XCConfigurationList;
			buildConfigurations = (
				93B7A53E25656F420027D1AA /* Debug */,
				93B7A53F25656F420027D1AA /* Release */,
			);
			defaultConfigurationIsVisible = 0;
			defaultConfigurationName = Release;
		};
		93B7A54025656F420027D1AA /* Build configuration list for PBXNativeTarget "SearchStore" */ = {
			isa = XCConfigurationList;
			buildConfigurations = (
				93B7A54125656F420027D1AA /* Debug */,
				93B7A54225656F420027D1AA /* Release */,
			);
			defaultConfigurationIsVisible = 0;
			defaultConfigurationName = Release;
		};
/* End XCConfigurationList section */
	};
	rootObject = 93B7A52425656F400027D1AA /* Project object */;
}
